
Microsoft Visual Studio Solution File, Format Version 12.00
# Visual Studio Version 16
VisualStudioVersion = 16.0.30204.135
MinimumVisualStudioVersion = 10.0.40219.1
Project("{8BC9CEB8-8B4A-11D0-8D11-00A0C91BC942}") = "Octree_Ray_Tracing", "Octree_Ray_Tracing\Octree_Ray_Tracing.vcxproj", "{D0341C91-EB1C-45B0-9169-65C2159C4A3F}"
EndProject
Global
	GlobalSection(SolutionConfigurationPlatforms) = preSolution
		Debug|x64 = Debug|x64
		Debug|x86 = Debug|x86
		Release|x64 = Release|x64
		Release|x86 = Release|x86
	EndGlobalSection
	GlobalSection(ProjectConfigurationPlatforms) = postSolution
		{D0341C91-EB1C-45B0-9169-65C2159C4A3F}.Debug|x64.ActiveCfg = Debug|x64
		{D0341C91-EB1C-45B0-9169-65C2159C4A3F}.Debug|x64.Build.0 = Debug|x64
		{D0341C91-EB1C-45B0-9169-65C2159C4A3F}.Debug|x86.ActiveCfg = Debug|Win32
		{D0341C91-EB1C-45B0-9169-65C2159C4A3F}.Debug|x86.Build.0 = Debug|Win32
		{D0341C91-EB1C-45B0-9169-65C2159C4A3F}.Release|x64.ActiveCfg = Release|x64
		{D0341C91-EB1C-45B0-9169-65C2159C4A3F}.Release|x64.Build.0 = Release|x64
		{D0341C91-EB1C-45B0-9169-65C2159C4A3F}.Release|x86.ActiveCfg = Release|Win32
		{D0341C91-EB1C-45B0-9169-65C2159C4A3F}.Release|x86.Build.0 = Release|Win32
	EndGlobalSection
	GlobalSection(SolutionProperties) = preSolution
		HideSolutionNode = FALSE
	EndGlobalSection
	GlobalSection(ExtensibilityGlobals) = postSolution
		SolutionGuid = {E0A0BCF6-4F29-41D0-B89A-AC000D8414A5}
	EndGlobalSection
EndGlobal
